
Microsoft Visual Studio Solution File, Format Version 12.00
# Visual Studio 15
VisualStudioVersion = 15.0.28307.705
MinimumVisualStudioVersion = 10.0.40219.1
Project("{FAE04EC0-301F-11D3-BF4B-00C04F79EFBC}") = "ThirtyDaysOfTDD", "ThirtyDaysOfTDD.UnitTests\ThirtyDaysOfTDD.csproj", "{847031B5-8FC5-478C-9972-E8AE706360AD}"
EndProject
Project("{FAE04EC0-301F-11D3-BF4B-00C04F79EFBC}") = "TddStore.Core", "TddStore.Core\TddStore.Core.csproj", "{3A89C760-A745-4CEE-AA7F-D29519581DAF}"
EndProject
Global
	GlobalSection(SolutionConfigurationPlatforms) = preSolution
		Debug|Any CPU = Debug|Any CPU
		Release|Any CPU = Release|Any CPU
	EndGlobalSection
	GlobalSection(ProjectConfigurationPlatforms) = postSolution
		{847031B5-8FC5-478C-9972-E8AE706360AD}.Debug|Any CPU.ActiveCfg = Debug|Any CPU
		{847031B5-8FC5-478C-9972-E8AE706360AD}.Debug|Any CPU.Build.0 = Debug|Any CPU
		{847031B5-8FC5-478C-9972-E8AE706360AD}.Release|Any CPU.ActiveCfg = Release|Any CPU
		{847031B5-8FC5-478C-9972-E8AE706360AD}.Release|Any CPU.Build.0 = Release|Any CPU
		{3A89C760-A745-4CEE-AA7F-D29519581DAF}.Debug|Any CPU.ActiveCfg = Debug|Any CPU
		{3A89C760-A745-4CEE-AA7F-D29519581DAF}.Debug|Any CPU.Build.0 = Debug|Any CPU
		{3A89C760-A745-4CEE-AA7F-D29519581DAF}.Release|Any CPU.ActiveCfg = Release|Any CPU
		{3A89C760-A745-4CEE-AA7F-D29519581DAF}.Release|Any CPU.Build.0 = Release|Any CPU
	EndGlobalSection
	GlobalSection(SolutionProperties) = preSolution
		HideSolutionNode = FALSE
	EndGlobalSection
	GlobalSection(ExtensibilityGlobals) = postSolution
		SolutionGuid = {8EF5BA9E-384B-4B5A-80BC-9601FD1B0F1E}
	EndGlobalSection
EndGlobal
